<?xml version="1.0" encoding="utf-8"?>
<Project ToolsVersion="4.0" xmlns="http://schemas.microsoft.com/developer/msbuild/2003">
  <ItemGroup>
    <ClCompile Include="DanceNoWay.cpp" />
    <ClCompile Include="DancinMenuet.cpp" />
    <ClCompile Include="DancinWals.cpp" />
    <ClCompile Include="FlyWithCounter.cpp" />
    <ClCompile Include="main.cpp" />
    <ClCompile Include="pch.cpp" />
    <ClCompile Include="FlyWithWings.cpp" />
  </ItemGroup>
  <ItemGroup>
    <ClInclude Include="DanceNoWay.h" />
    <ClInclude Include="DancinMenuet.h" />
    <ClInclude Include="DancinWals.h" />
    <ClInclude Include="FlyWithCounter.h" />
    <ClInclude Include="IDanceBehavior.h" />
    <ClInclude Include="IFlyBehavior.h" />
    <ClInclude Include="pch.h" />
    <ClInclude Include="FlyWithWings.h" />
  </ItemGroup>
</Project>